
Microsoft Visual Studio Solution File, Format Version 12.00
# Visual Studio Version 16
VisualStudioVersion = 16.0.31112.23
MinimumVisualStudioVersion = 10.0.40219.1
Project("{FAE04EC0-301F-11D3-BF4B-00C04F79EFBC}") = "Moodle", "Moodle\Moodle.csproj", "{B4218F6C-CCFD-482B-8F37-406FD98B64F0}"
EndProject
Global
	GlobalSection(SolutionConfigurationPlatforms) = preSolution
		Debug|Any CPU = Debug|Any CPU
		Release|Any CPU = Release|Any CPU
	EndGlobalSection
	GlobalSection(ProjectConfigurationPlatforms) = postSolution
		{B4218F6C-CCFD-482B-8F37-406FD98B64F0}.Debug|Any CPU.ActiveCfg = Debug|Any CPU
		{B4218F6C-CCFD-482B-8F37-406FD98B64F0}.Debug|Any CPU.Build.0 = Debug|Any CPU
		{B4218F6C-CCFD-482B-8F37-406FD98B64F0}.Release|Any CPU.ActiveCfg = Release|Any CPU
		{B4218F6C-CCFD-482B-8F37-406FD98B64F0}.Release|Any CPU.Build.0 = Release|Any CPU
	EndGlobalSection
	GlobalSection(SolutionProperties) = preSolution
		HideSolutionNode = FALSE
	EndGlobalSection
	GlobalSection(ExtensibilityGlobals) = postSolution
		SolutionGuid = {E947BC7F-5D2B-404A-9A01-FE48839261BA}
	EndGlobalSection
EndGlobal
